Microsoft Visual Studio Solution File, Format Version 12.00
# Visual Studio 2012
Project("{FAE04EC0-301F-11D3-BF4B-00C04F79EFBC}") = "TabContainerTest", "TabContainerTest.csproj", "{C31B61B2-1F02-4485-AE5D-54F1A4D1C46C}"
EndProject
Global
	GlobalSection(SolutionConfigurationPlatforms) = preSolution
	Debug|Any CPU = Debug|Any CPU
	ExportDebug|Any CPU = ExportDebug|Any CPU
	ExportRelease|Any CPU = ExportRelease|Any CPU
	EndGlobalSection
	GlobalSection(ProjectConfigurationPlatforms) = postSolution
		{C31B61B2-1F02-4485-AE5D-54F1A4D1C46C}.Debug|Any CPU.ActiveCfg = Debug|Any CPU
		{C31B61B2-1F02-4485-AE5D-54F1A4D1C46C}.Debug|Any CPU.Build.0 = Debug|Any CPU
		{C31B61B2-1F02-4485-AE5D-54F1A4D1C46C}.ExportDebug|Any CPU.ActiveCfg = ExportDebug|Any CPU
		{C31B61B2-1F02-4485-AE5D-54F1A4D1C46C}.ExportDebug|Any CPU.Build.0 = ExportDebug|Any CPU
		{C31B61B2-1F02-4485-AE5D-54F1A4D1C46C}.ExportRelease|Any CPU.ActiveCfg = ExportRelease|Any CPU
		{C31B61B2-1F02-4485-AE5D-54F1A4D1C46C}.ExportRelease|Any CPU.Build.0 = ExportRelease|Any CPU
	EndGlobalSection
EndGlobal
